
Microsoft Visual Studio Solution File, Format Version 12.00
# Visual Studio Version 17
VisualStudioVersion = 17.9.34728.123
MinimumVisualStudioVersion = 10.0.40219.1
Project("{2150E333-8FDC-42A3-9474-1A3956D46DE8}") = "src", "src", "{289E7B89-3B70-4D40-938A-BE0674808365}"
EndProject
Project("{2150E333-8FDC-42A3-9474-1A3956D46DE8}") = "GenerationService", "GenerationService", "{2524D291-82AC-408D-84EA-9024C0823B2D}"
EndProject
Project("{FAE04EC0-301F-11D3-BF4B-00C04F79EFBC}") = "Application", "GenerationService.Application\Application.csproj", "{02D963FD-3F3F-4675-ABAD-F575738FF6DB}"
EndProject
Project("{FAE04EC0-301F-11D3-BF4B-00C04F79EFBC}") = "Infrastructure", "GenerationService.Infrastructure\Infrastructure.csproj", "{6E7111B2-5330-43A3-8126-E1860BD48EA6}"
EndProject
Project("{FAE04EC0-301F-11D3-BF4B-00C04F79EFBC}") = "WebAPI", "GenerationService.WebAPI\WebAPI.csproj", "{9284B060-B65D-439A-8EF9-6EC168E202B2}"
EndProject
Project("{FAE04EC0-301F-11D3-BF4B-00C04F79EFBC}") = "Domain", "GenerationService.Domain\Domain.csproj", "{CE2B2F73-A4DC-4C23-B8CE-423F7805B199}"
EndProject
Global
	GlobalSection(SolutionConfigurationPlatforms) = preSolution
		Debug|Any CPU = Debug|Any CPU
		Release|Any CPU = Release|Any CPU
	EndGlobalSection
	GlobalSection(ProjectConfigurationPlatforms) = postSolution
		{02D963FD-3F3F-4675-ABAD-F575738FF6DB}.Debug|Any CPU.ActiveCfg = Debug|Any CPU
		{02D963FD-3F3F-4675-ABAD-F575738FF6DB}.Debug|Any CPU.Build.0 = Debug|Any CPU
		{02D963FD-3F3F-4675-ABAD-F575738FF6DB}.Release|Any CPU.ActiveCfg = Release|Any CPU
		{02D963FD-3F3F-4675-ABAD-F575738FF6DB}.Release|Any CPU.Build.0 = Release|Any CPU
		{6E7111B2-5330-43A3-8126-E1860BD48EA6}.Debug|Any CPU.ActiveCfg = Debug|Any CPU
		{6E7111B2-5330-43A3-8126-E1860BD48EA6}.Debug|Any CPU.Build.0 = Debug|Any CPU
		{6E7111B2-5330-43A3-8126-E1860BD48EA6}.Release|Any CPU.ActiveCfg = Release|Any CPU
		{6E7111B2-5330-43A3-8126-E1860BD48EA6}.Release|Any CPU.Build.0 = Release|Any CPU
		{9284B060-B65D-439A-8EF9-6EC168E202B2}.Debug|Any CPU.ActiveCfg = Debug|Any CPU
		{9284B060-B65D-439A-8EF9-6EC168E202B2}.Debug|Any CPU.Build.0 = Debug|Any CPU
		{9284B060-B65D-439A-8EF9-6EC168E202B2}.Release|Any CPU.ActiveCfg = Release|Any CPU
		{9284B060-B65D-439A-8EF9-6EC168E202B2}.Release|Any CPU.Build.0 = Release|Any CPU
		{CE2B2F73-A4DC-4C23-B8CE-423F7805B199}.Debug|Any CPU.ActiveCfg = Debug|Any CPU
		{CE2B2F73-A4DC-4C23-B8CE-423F7805B199}.Debug|Any CPU.Build.0 = Debug|Any CPU
		{CE2B2F73-A4DC-4C23-B8CE-423F7805B199}.Release|Any CPU.ActiveCfg = Release|Any CPU
		{CE2B2F73-A4DC-4C23-B8CE-423F7805B199}.Release|Any CPU.Build.0 = Release|Any CPU
	EndGlobalSection
	GlobalSection(SolutionProperties) = preSolution
		HideSolutionNode = FALSE
	EndGlobalSection
	GlobalSection(NestedProjects) = preSolution
		{2524D291-82AC-408D-84EA-9024C0823B2D} = {289E7B89-3B70-4D40-938A-BE0674808365}
		{02D963FD-3F3F-4675-ABAD-F575738FF6DB} = {2524D291-82AC-408D-84EA-9024C0823B2D}
		{6E7111B2-5330-43A3-8126-E1860BD48EA6} = {2524D291-82AC-408D-84EA-9024C0823B2D}
		{9284B060-B65D-439A-8EF9-6EC168E202B2} = {2524D291-82AC-408D-84EA-9024C0823B2D}
		{CE2B2F73-A4DC-4C23-B8CE-423F7805B199} = {2524D291-82AC-408D-84EA-9024C0823B2D}
	EndGlobalSection
	GlobalSection(ExtensibilityGlobals) = postSolution
		SolutionGuid = {2AB275AA-7E7B-4363-A257-5CF41181F848}
	EndGlobalSection
EndGlobal
